
Microsoft Visual Studio Solution File, Format Version 12.00
# Visual Studio Version 17
VisualStudioVersion = 17.1.32228.430
MinimumVisualStudioVersion = 10.0.40219.1
Project("{FAE04EC0-301F-11D3-BF4B-00C04F79EFBC}") = "Aula08Lista8", "Aula08Lista8.csproj", "{1F117D54-2E98-49B1-89B1-489C874CB969}"
EndProject
Global
	GlobalSection(SolutionConfigurationPlatforms) = preSolution
		Debug|Any CPU = Debug|Any CPU
		Release|Any CPU = Release|Any CPU
	EndGlobalSection
	GlobalSection(ProjectConfigurationPlatforms) = postSolution
		{1F117D54-2E98-49B1-89B1-489C874CB969}.Debug|Any CPU.ActiveCfg = Debug|Any CPU
		{1F117D54-2E98-49B1-89B1-489C874CB969}.Debug|Any CPU.Build.0 = Debug|Any CPU
		{1F117D54-2E98-49B1-89B1-489C874CB969}.Release|Any CPU.ActiveCfg = Release|Any CPU
		{1F117D54-2E98-49B1-89B1-489C874CB969}.Release|Any CPU.Build.0 = Release|Any CPU
	EndGlobalSection
	GlobalSection(SolutionProperties) = preSolution
		HideSolutionNode = FALSE
	EndGlobalSection
	GlobalSection(ExtensibilityGlobals) = postSolution
		SolutionGuid = {21A97528-F418-42B5-BC4A-AEE2F454E816}
	EndGlobalSection
EndGlobal
