
Microsoft Visual Studio Solution File, Format Version 12.00
# Visual Studio Version 17
VisualStudioVersion = 17.1.32228.430
MinimumVisualStudioVersion = 10.0.40219.1
Project("{FAE04EC0-301F-11D3-BF4B-00C04F79EFBC}") = "Aula6VS Tabuada de qlq numero", "Aula6VS Tabuada de qlq numero.csproj", "{81BBA605-9A56-4334-8A1E-4409496BE737}"
EndProject
Global
	GlobalSection(SolutionConfigurationPlatforms) = preSolution
		Debug|Any CPU = Debug|Any CPU
		Release|Any CPU = Release|Any CPU
	EndGlobalSection
	GlobalSection(ProjectConfigurationPlatforms) = postSolution
		{81BBA605-9A56-4334-8A1E-4409496BE737}.Debug|Any CPU.ActiveCfg = Debug|Any CPU
		{81BBA605-9A56-4334-8A1E-4409496BE737}.Debug|Any CPU.Build.0 = Debug|Any CPU
		{81BBA605-9A56-4334-8A1E-4409496BE737}.Release|Any CPU.ActiveCfg = Release|Any CPU
		{81BBA605-9A56-4334-8A1E-4409496BE737}.Release|Any CPU.Build.0 = Release|Any CPU
	EndGlobalSection
	GlobalSection(SolutionProperties) = preSolution
		HideSolutionNode = FALSE
	EndGlobalSection
	GlobalSection(ExtensibilityGlobals) = postSolution
		SolutionGuid = {C03D53C6-01A8-4FF6-952F-7437CB363ED7}
	EndGlobalSection
EndGlobal
